
Microsoft Visual Studio Solution File, Format Version 12.00
# Visual Studio 14
VisualStudioVersion = 14.0.25123.0
MinimumVisualStudioVersion = 10.0.40219.1
Project("{FAE04EC0-301F-11D3-BF4B-00C04F79EFBC}") = "Fitness_application", "Fitness_application\Fitness_application.csproj", "{B1AFB610-FA19-48BD-AA9D-601D1E983B6F}"
EndProject
Project("{FAE04EC0-301F-11D3-BF4B-00C04F79EFBC}") = "EntityFramework_db", "EntityFramework_db\EntityFramework_db.csproj", "{D8473F1C-FF35-4590-9F10-FBBF77CCE1D2}"
EndProject
Project("{FAE04EC0-301F-11D3-BF4B-00C04F79EFBC}") = "RegularClasses", "RegularClasses\RegularClasses.csproj", "{B864753C-03D9-4260-BCEE-419AA7405D9B}"
EndProject
Global
	GlobalSection(SolutionConfigurationPlatforms) = preSolution
		Debug|Any CPU = Debug|Any CPU
		Release|Any CPU = Release|Any CPU
	EndGlobalSection
	GlobalSection(ProjectConfigurationPlatforms) = postSolution
		{B1AFB610-FA19-48BD-AA9D-601D1E983B6F}.Debug|Any CPU.ActiveCfg = Debug|Any CPU
		{B1AFB610-FA19-48BD-AA9D-601D1E983B6F}.Debug|Any CPU.Build.0 = Debug|Any CPU
		{B1AFB610-FA19-48BD-AA9D-601D1E983B6F}.Release|Any CPU.ActiveCfg = Release|Any CPU
		{B1AFB610-FA19-48BD-AA9D-601D1E983B6F}.Release|Any CPU.Build.0 = Release|Any CPU
		{D8473F1C-FF35-4590-9F10-FBBF77CCE1D2}.Debug|Any CPU.ActiveCfg = Debug|Any CPU
		{D8473F1C-FF35-4590-9F10-FBBF77CCE1D2}.Debug|Any CPU.Build.0 = Debug|Any CPU
		{D8473F1C-FF35-4590-9F10-FBBF77CCE1D2}.Release|Any CPU.ActiveCfg = Release|Any CPU
		{D8473F1C-FF35-4590-9F10-FBBF77CCE1D2}.Release|Any CPU.Build.0 = Release|Any CPU
		{B864753C-03D9-4260-BCEE-419AA7405D9B}.Debug|Any CPU.ActiveCfg = Debug|Any CPU
		{B864753C-03D9-4260-BCEE-419AA7405D9B}.Debug|Any CPU.Build.0 = Debug|Any CPU
		{B864753C-03D9-4260-BCEE-419AA7405D9B}.Release|Any CPU.ActiveCfg = Release|Any CPU
		{B864753C-03D9-4260-BCEE-419AA7405D9B}.Release|Any CPU.Build.0 = Release|Any CPU
	EndGlobalSection
	GlobalSection(SolutionProperties) = preSolution
		HideSolutionNode = FALSE
	EndGlobalSection
EndGlobal
